{
  "name": "day3",
  "version": "1.0.0",
  "lockfileVersion": 1,
  "requires": true,
  "dependencies": {
    "ngraph.events": {
      "version": "1.0.0",
      "resolved": "https://registry.npmjs.org/ngraph.events/-/ngraph.events-1.0.0.tgz",
      "integrity": "sha512-Z7wyywdw8IKjOW0bDiOG4FUqX5fwqW7SDMO1huemDXho7Qy1b02RoBkPS43KLIZU2wrW2orju99k8wIr+xXvVA=="
    },
    "ngraph.expose": {
      "version": "1.0.0",
      "resolved": "https://registry.npmjs.org/ngraph.expose/-/ngraph.expose-1.0.0.tgz",
      "integrity": "sha512-xQXBvaN8cuNucgHuOK1aOWb6q6Yn5QcTWzI1XR5+SBPYuJhIDeO3Z8pm7/WdM1dS+ys4mofA5D0MpTDIxP+d5A=="
    },
    "ngraph.merge": {
      "version": "1.0.0",
      "resolved": "https://registry.npmjs.org/ngraph.merge/-/ngraph.merge-1.0.0.tgz",
      "integrity": "sha512-5J8YjGITUJeapsomtTALYsw7rFveYkM+lBj3QiYZ79EymQcuri65Nw3knQtFxQBU1r5iOaVRXrSwMENUPK62Vg=="
    },
    "ngraph.physics.primitives": {
      "version": "1.0.0",
      "resolved": "https://registry.npmjs.org/ngraph.physics.primitives/-/ngraph.physics.primitives-1.0.0.tgz",
      "integrity": "sha512-zdxzy76L6PxlWLjeXsvNGgzGaQt8mo7IPSzZseQBIXC2AV7UAdcfSnnE1e+ECihjlqkUdsvgKk+ne3GxU2diHg=="
    },
    "ngraph.physics.simulator": {
      "version": "1.0.0",
      "resolved": "https://registry.npmjs.org/ngraph.physics.simulator/-/ngraph.physics.simulator-1.0.0.tgz",
      "integrity": "sha512-9fpWWIWMKNW9iG/qaLZx5kwEeCER9OPgR2n/M6/VwnrLhTytBNaZ7pmX7/X7+1V/tbFJfZXVoE+7EAH+inCaIg==",
      "requires": {
        "ngraph.events": "^1.0.0",
        "ngraph.expose": "^1.0.0",
        "ngraph.merge": "^1.0.0",
        "ngraph.physics.primitives": "^1.0.0",
        "ngraph.quadtreebh": "^1.0.0",
        "ngraph.random": "^1.0.0"
      }
    },
    "ngraph.quadtreebh": {
      "version": "1.0.0",
      "resolved": "https://registry.npmjs.org/ngraph.quadtreebh/-/ngraph.quadtreebh-1.0.0.tgz",
      "integrity": "sha512-cXc1JOIBu0flCPiIRintjs0G6LDhNmuVjDffq8PQQMP/i1324oQXdhbvlxjBepXjgfB/VIdVvwgfHjSs31A3Ig==",
      "requires": {
        "ngraph.random": "^1.0.0"
      }
    },
    "ngraph.random": {
      "version": "1.0.0",
      "resolved": "https://registry.npmjs.org/ngraph.random/-/ngraph.random-1.0.0.tgz",
      "integrity": "sha512-deLYx/kdrchInjD+S7IMCtLAyixWRXC3En9TI0KL2JbWIb8Z9SFv8UfSOLQppMBswy08aiYkoaucfLA7d8Ffcg=="
    }
  }
}
